# THIS IS AN AUTOGENERATED FILE. DO NOT EDIT THIS FILE DIRECTLY.
# yarn lockfile v1


"@babel/runtime@^7.7.2":
  version "7.7.7"
  resolved "https://registry.yarnpkg.com/@babel/runtime/-/runtime-7.7.7.tgz#194769ca8d6d7790ec23605af9ee3e42a0aa79cf"
  dependencies:
    regenerator-runtime "^0.13.2"

"@jimp/bmp@^0.9.3":
  version "0.9.3"
  resolved "https://registry.yarnpkg.com/@jimp/bmp/-/bmp-0.9.3.tgz#98eafc81674ce750f428ac9380007f1a4e90255e"
  dependencies:
    "@babel/runtime" "^7.7.2"
    "@jimp/utils" "^0.9.3"
    bmp-js "^0.1.0"
    core-js "^3.4.1"

"@jimp/core@^0.9.3":
  version "0.9.3"
  resolved "https://registry.yarnpkg.com/@jimp/core/-/core-0.9.3.tgz#bffbf955c046569bf4b682b575228e31bb41e445"
  dependencies:
    "@babel/runtime" "^7.7.2"
    "@jimp/utils" "^0.9.3"
    any-base "^1.1.0"
    buffer "^5.2.0"
    core-js "^3.4.1"
    exif-parser "^0.1.12"
    file-type "^9.0.0"
    load-bmfont "^1.3.1"
    mkdirp "0.5.1"
    phin "^2.9.1"
    pixelmatch "^4.0.2"
    tinycolor2 "^1.4.1"

"@jimp/custom@^0.9.3":
  version "0.9.3"
  resolved "https://registry.yarnpkg.com/@jimp/custom/-/custom-0.9.3.tgz#b49dfe1d6b24e62fd4101a7db77104024c8d97e8"
  dependencies:
    "@babel/runtime" "^7.7.2"
    "@jimp/core" "^0.9.3"
    core-js "^3.4.1"

"@jimp/gif@^0.9.3":
  version "0.9.3"
  resolved "https://registry.yarnpkg.com/@jimp/gif/-/gif-0.9.3.tgz#b2b1a519092f94a913a955f252996f9a968930db"
  dependencies:
    "@babel/runtime" "^7.7.2"
    "@jimp/utils" "^0.9.3"
    core-js "^3.4.1"
    omggif "^1.0.9"

"@jimp/jpeg@^0.9.3":
  version "0.9.3"
  resolved "https://registry.yarnpkg.com/@jimp/jpeg/-/jpeg-0.9.3.tgz#a759cb3bccf3cb163166873b9bdc0c949c5991b5"
  dependencies:
    "@babel/runtime" "^7.7.2"
    "@jimp/utils" "^0.9.3"
    core-js "^3.4.1"
    jpeg-js "^0.3.4"

"@jimp/plugin-blit@^0.9.3":
  version "0.9.3"
  resolved "https://registry.yarnpkg.com/@jimp/plugin-blit/-/plugin-blit-0.9.3.tgz#740346ac62ec0f7ae4458f5fd59c7582e630a8e8"
  dependencies:
    "@babel/runtime" "^7.7.2"
    "@jimp/utils" "^0.9.3"
    core-js "^3.4.1"

"@jimp/plugin-blur@^0.9.3":
  version "0.9.3"
  resolved "https://registry.yarnpkg.com/@jimp/plugin-blur/-/plugin-blur-0.9.3.tgz#9df505aaa63de138060264cf83ed4a98304bf105"
  dependencies:
    "@babel/runtime" "^7.7.2"
    "@jimp/utils" "^0.9.3"
    core-js "^3.4.1"

"@jimp/plugin-color@^0.9.3":
  version "0.9.3"
  resolved "https://registry.yarnpkg.com/@jimp/plugin-color/-/plugin-color-0.9.3.tgz#4a5ad28f68901355878f5330186c260f4f87f944"
  dependencies:
    "@babel/runtime" "^7.7.2"
    "@jimp/utils" "^0.9.3"
    core-js "^3.4.1"
    tinycolor2 "^1.4.1"

"@jimp/plugin-contain@^0.9.3":
  version "0.9.3"
  resolved "https://registry.yarnpkg.com/@jimp/plugin-contain/-/plugin-contain-0.9.3.tgz#d0da9892edea25549611c88e125bfcc59045c426"
  dependencies:
    "@babel/runtime" "^7.7.2"
    "@jimp/utils" "^0.9.3"
    core-js "^3.4.1"

"@jimp/plugin-cover@^0.9.3":
  version "0.9.3"
  resolved "https://registry.yarnpkg.com/@jimp/plugin-cover/-/plugin-cover-0.9.3.tgz#2fca63620fcf8145bdecf315cf461588b09d9488"
  dependencies:
    "@babel/runtime" "^7.7.2"
    "@jimp/utils" "^0.9.3"
    core-js "^3.4.1"

"@jimp/plugin-crop@^0.9.3":
  version "0.9.3"
  resolved "https://registry.yarnpkg.com/@jimp/plugin-crop/-/plugin-crop-0.9.3.tgz#9b19c11293714a99c03d4b517ab597a5f88823e8"
  dependencies:
    "@babel/runtime" "^7.7.2"
    "@jimp/utils" "^0.9.3"
    core-js "^3.4.1"

"@jimp/plugin-displace@^0.9.3":
  version "0.9.3"
  resolved "https://registry.yarnpkg.com/@jimp/plugin-displace/-/plugin-displace-0.9.3.tgz#07645687b29ebc8a8491244410172795d511ba21"
  dependencies:
    "@babel/runtime" "^7.7.2"
    "@jimp/utils" "^0.9.3"
    core-js "^3.4.1"

"@jimp/plugin-dither@^0.9.3":
  version "0.9.3"
  resolved "https://registry.yarnpkg.com/@jimp/plugin-dither/-/plugin-dither-0.9.3.tgz#292b3ee617a5dcfe065d13b643055e910f8b6934"
  dependencies:
    "@babel/runtime" "^7.7.2"
    "@jimp/utils" "^0.9.3"
    core-js "^3.4.1"

"@jimp/plugin-flip@^0.9.3":
  version "0.9.3"
  resolved "https://registry.yarnpkg.com/@jimp/plugin-flip/-/plugin-flip-0.9.3.tgz#a755ffa1d860106067215987cbac213501d22b41"
  dependencies:
    "@babel/runtime" "^7.7.2"
    "@jimp/utils" "^0.9.3"
    core-js "^3.4.1"

"@jimp/plugin-gaussian@^0.9.3":
  version "0.9.3"
  resolved "https://registry.yarnpkg.com/@jimp/plugin-gaussian/-/plugin-gaussian-0.9.3.tgz#b10b5a5b4c37cb4edc3ed22a9b25294e68daf2f8"
  dependencies:
    "@babel/runtime" "^7.7.2"
    "@jimp/utils" "^0.9.3"
    core-js "^3.4.1"

"@jimp/plugin-invert@^0.9.3":
  version "0.9.3"
  resolved "https://registry.yarnpkg.com/@jimp/plugin-invert/-/plugin-invert-0.9.3.tgz#723a873133a1d62f9b93e023991f262c85917c78"
  dependencies:
    "@babel/runtime" "^7.7.2"
    "@jimp/utils" "^0.9.3"
    core-js "^3.4.1"

"@jimp/plugin-mask@^0.9.3":
  version "0.9.3"
  resolved "https://registry.yarnpkg.com/@jimp/plugin-mask/-/plugin-mask-0.9.3.tgz#6329ec861269244ab10ab9b3f54b1624c4ce0bab"
  dependencies:
    "@babel/runtime" "^7.7.2"
    "@jimp/utils" "^0.9.3"
    core-js "^3.4.1"

"@jimp/plugin-normalize@^0.9.3":
  version "0.9.3"
  resolved "https://registry.yarnpkg.com/@jimp/plugin-normalize/-/plugin-normalize-0.9.3.tgz#564155032d1b9dc567dbb7427a85606a25427c30"
  dependencies:
    "@babel/runtime" "^7.7.2"
    "@jimp/utils" "^0.9.3"
    core-js "^3.4.1"

"@jimp/plugin-print@^0.9.3":
  version "0.9.3"
  resolved "https://registry.yarnpkg.com/@jimp/plugin-print/-/plugin-print-0.9.3.tgz#b4470137312232de9b35eaf412cd753f999c58d8"
  dependencies:
    "@babel/runtime" "^7.7.2"
    "@jimp/utils" "^0.9.3"
    core-js "^3.4.1"
    load-bmfont "^1.4.0"

"@jimp/plugin-resize@^0.9.3":
  version "0.9.3"
  resolved "https://registry.yarnpkg.com/@jimp/plugin-resize/-/plugin-resize-0.9.3.tgz#916abd57c4f9b426984354c77555ade1efda7a82"
  dependencies:
    "@babel/runtime" "^7.7.2"
    "@jimp/utils" "^0.9.3"
    core-js "^3.4.1"

"@jimp/plugin-rotate@^0.9.3":
  version "0.9.3"
  resolved "https://registry.yarnpkg.com/@jimp/plugin-rotate/-/plugin-rotate-0.9.3.tgz#aa0d674c08726c0ae3ebc7f2adbfca0a927b1d9f"
  dependencies:
    "@babel/runtime" "^7.7.2"
    "@jimp/utils" "^0.9.3"
    core-js "^3.4.1"

"@jimp/plugin-scale@^0.9.3":
  version "0.9.3"
  resolved "https://registry.yarnpkg.com/@jimp/plugin-scale/-/plugin-scale-0.9.3.tgz#427fed7642883c27601aae33c25413980b6a2c50"
  dependencies:
    "@babel/runtime" "^7.7.2"
    "@jimp/utils" "^0.9.3"
    core-js "^3.4.1"

"@jimp/plugins@^0.9.3":
  version "0.9.3"
  resolved "https://registry.yarnpkg.com/@jimp/plugins/-/plugins-0.9.3.tgz#bdff9d49484469c4d74ef47c2708e75773ca22b9"
  dependencies:
    "@babel/runtime" "^7.7.2"
    "@jimp/plugin-blit" "^0.9.3"
    "@jimp/plugin-blur" "^0.9.3"
    "@jimp/plugin-color" "^0.9.3"
    "@jimp/plugin-contain" "^0.9.3"
    "@jimp/plugin-cover" "^0.9.3"
    "@jimp/plugin-crop" "^0.9.3"
    "@jimp/plugin-displace" "^0.9.3"
    "@jimp/plugin-dither" "^0.9.3"
    "@jimp/plugin-flip" "^0.9.3"
    "@jimp/plugin-gaussian" "^0.9.3"
    "@jimp/plugin-invert" "^0.9.3"
    "@jimp/plugin-mask" "^0.9.3"
    "@jimp/plugin-normalize" "^0.9.3"
    "@jimp/plugin-print" "^0.9.3"
    "@jimp/plugin-resize" "^0.9.3"
    "@jimp/plugin-rotate" "^0.9.3"
    "@jimp/plugin-scale" "^0.9.3"
    core-js "^3.4.1"
    timm "^1.6.1"

"@jimp/png@^0.9.3":
  version "0.9.3"
  resolved "https://registry.yarnpkg.com/@jimp/png/-/png-0.9.3.tgz#5c1bbb89b32e2332891a13efdb423e87287a8321"
  dependencies:
    "@babel/runtime" "^7.7.2"
    "@jimp/utils" "^0.9.3"
    core-js "^3.4.1"
    pngjs "^3.3.3"

"@jimp/tiff@^0.9.3":
  version "0.9.3"
  resolved "https://registry.yarnpkg.com/@jimp/tiff/-/tiff-0.9.3.tgz#a4498c0616fb24034f5512b159b75b0aea389e9c"
  dependencies:
    "@babel/runtime" "^7.7.2"
    core-js "^3.4.1"
    utif "^2.0.1"

"@jimp/types@^0.9.3":
  version "0.9.3"
  resolved "https://registry.yarnpkg.com/@jimp/types/-/types-0.9.3.tgz#75337245a1a8c7c84a414beca3cfeded338c0ef1"
  dependencies:
    "@babel/runtime" "^7.7.2"
    "@jimp/bmp" "^0.9.3"
    "@jimp/gif" "^0.9.3"
    "@jimp/jpeg" "^0.9.3"
    "@jimp/png" "^0.9.3"
    "@jimp/tiff" "^0.9.3"
    core-js "^3.4.1"
    timm "^1.6.1"

"@jimp/utils@^0.9.3":
  version "0.9.3"
  resolved "https://registry.yarnpkg.com/@jimp/utils/-/utils-0.9.3.tgz#fd7af0d1138febbeacc841be4b802218444ce088"
  dependencies:
    "@babel/runtime" "^7.7.2"
    core-js "^3.4.1"

abbrev@1:
  version "1.1.1"
  resolved "https://registry.yarnpkg.com/abbrev/-/abbrev-1.1.1.tgz#f8f2c887ad10bf67f634f005b6987fed3179aac8"

ansi-regex@^2.0.0:
  version "2.1.1"
  resolved "https://registry.yarnpkg.com/ansi-regex/-/ansi-regex-2.1.1.tgz#c3b33ab5ee360d86e0e628f0468ae7ef27d654df"

ansi-regex@^3.0.0:
  version "3.0.0"
  resolved "https://registry.yarnpkg.com/ansi-regex/-/ansi-regex-3.0.0.tgz#ed0317c322064f79466c02966bddb605ab37d998"

any-base@^1.1.0:
  version "1.1.0"
  resolved "https://registry.yarnpkg.com/any-base/-/any-base-1.1.0.tgz#ae101a62bc08a597b4c9ab5b7089d456630549fe"

aproba@^1.0.3:
  version "1.2.0"
  resolved "https://registry.yarnpkg.com/aproba/-/aproba-1.2.0.tgz#6802e6264efd18c790a1b0d517f0f2627bf2c94a"

are-we-there-yet@~1.1.2:
  version "1.1.5"
  resolved "https://registry.yarnpkg.com/are-we-there-yet/-/are-we-there-yet-1.1.5.tgz#4b35c2944f062a8bfcda66410760350fe9ddfc21"
  dependencies:
    delegates "^1.0.0"
    readable-stream "^2.0.6"

async@>=0.2.9:
  version "3.1.0"
  resolved "https://registry.yarnpkg.com/async/-/async-3.1.0.tgz#42b3b12ae1b74927b5217d8c0016baaf62463772"

balanced-match@^1.0.0:
  version "1.0.0"
  resolved "https://registry.yarnpkg.com/balanced-match/-/balanced-match-1.0.0.tgz#89b4d199ab2bee49de164ea02b89ce462d71b767"

base64-js@^1.0.2:
  version "1.3.1"
  resolved "https://registry.yarnpkg.com/base64-js/-/base64-js-1.3.1.tgz#58ece8cb75dd07e71ed08c736abc5fac4dbf8df1"

bl@^3.0.0:
  version "3.0.0"
  resolved "https://registry.yarnpkg.com/bl/-/bl-3.0.0.tgz#3611ec00579fd18561754360b21e9f784500ff88"
  dependencies:
    readable-stream "^3.0.1"

bmp-js@^0.1.0:
  version "0.1.0"
  resolved "https://registry.yarnpkg.com/bmp-js/-/bmp-js-0.1.0.tgz#e05a63f796a6c1ff25f4771ec7adadc148c07233"

brace-expansion@^1.1.7:
  version "1.1.11"
  resolved "https://registry.yarnpkg.com/brace-expansion/-/brace-expansion-1.1.11.tgz#3c7fcbf529d87226f3d2f52b966ff5271eb441dd"
  dependencies:
    balanced-match "^1.0.0"
    concat-map "0.0.1"

buffer-equal@0.0.1:
  version "0.0.1"
  resolved "https://registry.yarnpkg.com/buffer-equal/-/buffer-equal-0.0.1.tgz#91bc74b11ea405bc916bc6aa908faafa5b4aac4b"

buffer@^5.2.0:
  version "5.4.3"
  resolved "https://registry.yarnpkg.com/buffer/-/buffer-5.4.3.tgz#3fbc9c69eb713d323e3fc1a895eee0710c072115"
  dependencies:
    base64-js "^1.0.2"
    ieee754 "^1.1.4"

canvas@^2.2.0:
  version "2.6.1"
  resolved "https://registry.yarnpkg.com/canvas/-/canvas-2.6.1.tgz#0d087dd4d60f5a5a9efa202757270abea8bef89e"
  dependencies:
    nan "^2.14.0"
    node-pre-gyp "^0.11.0"
    simple-get "^3.0.3"

chownr@^1.1.1, chownr@^1.1.3:
  version "1.1.4"
  resolved "https://registry.yarnpkg.com/chownr/-/chownr-1.1.4.tgz#6fc9d7b42d32a583596337666e7d08084da2cc6b"

code-point-at@^1.0.0:
  version "1.1.0"
  resolved "https://registry.yarnpkg.com/code-point-at/-/code-point-at-1.1.0.tgz#0d070b4d043a5bea33a2f1a40e2edb3d9a4ccf77"

coffeescript@^2.5.0:
  version "2.5.0"
  resolved "https://registry.yarnpkg.com/coffeescript/-/coffeescript-2.5.0.tgz#9ce853766fa8363384d80f06f79fa8d5b13f566f"

color-convert@^1.9.1:
  version "1.9.3"
  resolved "https://registry.yarnpkg.com/color-convert/-/color-convert-1.9.3.tgz#bb71850690e1f136567de629d2d5471deda4c1e8"
  dependencies:
    color-name "1.1.3"

color-name@1.1.3:
  version "1.1.3"
  resolved "https://registry.yarnpkg.com/color-name/-/color-name-1.1.3.tgz#a7d0558bd89c42f795dd42328f740831ca53bc25"

color-name@^1.0.0:
  version "1.1.4"
  resolved "https://registry.yarnpkg.com/color-name/-/color-name-1.1.4.tgz#c2a09a87acbde69543de6f63fa3995c826c536a2"

color-string@^1.5.2:
  version "1.5.3"
  resolved "https://registry.yarnpkg.com/color-string/-/color-string-1.5.3.tgz#c9bbc5f01b58b5492f3d6857459cb6590ce204cc"
  dependencies:
    color-name "^1.0.0"
    simple-swizzle "^0.2.2"

color@^3.1.2:
  version "3.1.2"
  resolved "https://registry.yarnpkg.com/color/-/color-3.1.2.tgz#68148e7f85d41ad7649c5fa8c8106f098d229e10"
  dependencies:
    color-convert "^1.9.1"
    color-string "^1.5.2"

concat-map@0.0.1:
  version "0.0.1"
  resolved "https://registry.yarnpkg.com/concat-map/-/concat-map-0.0.1.tgz#d8a96bd77fd68df7793a73036a3ba0d5405d477b"

console-control-strings@^1.0.0, console-control-strings@~1.1.0:
  version "1.1.0"
  resolved "https://registry.yarnpkg.com/console-control-strings/-/console-control-strings-1.1.0.tgz#3d7cf4464db6446ea644bf4b39507f9851008e8e"

core-js@^3.4.1:
  version "3.6.1"
  resolved "https://registry.yarnpkg.com/core-js/-/core-js-3.6.1.tgz#39d5e2e346258cc01eb7d44345b1c3c014ca3f05"

core-util-is@~1.0.0:
  version "1.0.2"
  resolved "https://registry.yarnpkg.com/core-util-is/-/core-util-is-1.0.2.tgz#b5fd54220aa2bc5ab57aab7140c940754503c1a7"

debug@^3.2.6:
  version "3.2.6"
  resolved "https://registry.yarnpkg.com/debug/-/debug-3.2.6.tgz#e83d17de16d8a7efb7717edbe5fb10135eee629b"
  dependencies:
    ms "^2.1.1"

decompress-response@^4.2.0:
  version "4.2.1"
  resolved "https://registry.yarnpkg.com/decompress-response/-/decompress-response-4.2.1.tgz#414023cc7a302da25ce2ec82d0d5238ccafd8986"
  dependencies:
    mimic-response "^2.0.0"

deep-extend@^0.6.0:
  version "0.6.0"
  resolved "https://registry.yarnpkg.com/deep-extend/-/deep-extend-0.6.0.tgz#c4fa7c95404a17a9c3e8ca7e1537312b736330ac"

delegates@^1.0.0:
  version "1.0.0"
  resolved "https://registry.yarnpkg.com/delegates/-/delegates-1.0.0.tgz#84c6e159b81904fdca59a0ef44cd870d31250f9a"

detect-libc@^1.0.2, detect-libc@^1.0.3:
  version "1.0.3"
  resolved "https://registry.yarnpkg.com/detect-libc/-/detect-libc-1.0.3.tgz#fa137c4bd698edf55cd5cd02ac559f91a4c4ba9b"

dom-walk@^0.1.0:
  version "0.1.1"
  resolved "https://registry.yarnpkg.com/dom-walk/-/dom-walk-0.1.1.tgz#672226dc74c8f799ad35307df936aba11acd6018"

duplexify@^3.6.0:
  version "3.7.1"
  resolved "https://registry.yarnpkg.com/duplexify/-/duplexify-3.7.1.tgz#2a4df5317f6ccfd91f86d6fd25d8d8a103b88309"
  dependencies:
    end-of-stream "^1.0.0"
    inherits "^2.0.1"
    readable-stream "^2.0.0"
    stream-shift "^1.0.0"

end-of-stream@^1.0.0, end-of-stream@^1.1.0, end-of-stream@^1.4.1:
  version "1.4.4"
  resolved "https://registry.yarnpkg.com/end-of-stream/-/end-of-stream-1.4.4.tgz#5ae64a5f45057baf3626ec14da0ca5e4b2431eb0"
  dependencies:
    once "^1.4.0"

exif-parser@^0.1.12:
  version "0.1.12"
  resolved "https://registry.yarnpkg.com/exif-parser/-/exif-parser-0.1.12.tgz#58a9d2d72c02c1f6f02a0ef4a9166272b7760922"

expand-template@^2.0.3:
  version "2.0.3"
  resolved "https://registry.yarnpkg.com/expand-template/-/expand-template-2.0.3.tgz#6e14b3fcee0f3a6340ecb57d2e8918692052a47c"

extend@^3.0.0:
  version "3.0.2"
  resolved "https://registry.yarnpkg.com/extend/-/extend-3.0.2.tgz#f8b1136b4071fbd8eb140aff858b1019ec2915fa"

file-type@^9.0.0:
  version "9.0.0"
  resolved "https://registry.yarnpkg.com/file-type/-/file-type-9.0.0.tgz#a68d5ad07f486414dfb2c8866f73161946714a18"

fluent-ffmpeg@^2.1.2:
  version "2.1.2"
  resolved "https://registry.yarnpkg.com/fluent-ffmpeg/-/fluent-ffmpeg-2.1.2.tgz#c952de2240f812ebda0aa8006d7776ee2acf7d74"
  dependencies:
    async ">=0.2.9"
    which "^1.1.1"

fs-constants@^1.0.0:
  version "1.0.0"
  resolved "https://registry.yarnpkg.com/fs-constants/-/fs-constants-1.0.0.tgz#6be0de9be998ce16af8afc24497b9ee9b7ccd9ad"

fs-minipass@^1.2.5:
  version "1.2.7"
  resolved "https://registry.yarnpkg.com/fs-minipass/-/fs-minipass-1.2.7.tgz#ccff8570841e7fe4265693da88936c55aed7f7c7"
  dependencies:
    minipass "^2.6.0"

fs-minipass@^2.0.0:
  version "2.0.0"
  resolved "https://registry.yarnpkg.com/fs-minipass/-/fs-minipass-2.0.0.tgz#a6415edab02fae4b9e9230bc87ee2e4472003cd1"
  dependencies:
    minipass "^3.0.0"

fs.realpath@^1.0.0:
  version "1.0.0"
  resolved "https://registry.yarnpkg.com/fs.realpath/-/fs.realpath-1.0.0.tgz#1504ad2523158caa40db4a2787cb01411994ea4f"

gauge@~2.7.3:
  version "2.7.4"
  resolved "https://registry.yarnpkg.com/gauge/-/gauge-2.7.4.tgz#2c03405c7538c39d7eb37b317022e325fb018bf7"
  dependencies:
    aproba "^1.0.3"
    console-control-strings "^1.0.0"
    has-unicode "^2.0.0"
    object-assign "^4.1.0"
    signal-exit "^3.0.0"
    string-width "^1.0.1"
    strip-ansi "^3.0.1"
    wide-align "^1.1.0"

gifencoder@^2.0.1:
  version "2.0.1"
  resolved "https://registry.yarnpkg.com/gifencoder/-/gifencoder-2.0.1.tgz#fd363402e506529494757856aa66196697ee6bd4"
  dependencies:
    canvas "^2.2.0"

github-from-package@0.0.0:
  version "0.0.0"
  resolved "https://registry.yarnpkg.com/github-from-package/-/github-from-package-0.0.0.tgz#97fb5d96bfde8973313f20e8288ef9a167fa64ce"

glob-parent@^3.1.0:
  version "3.1.0"
  resolved "https://registry.yarnpkg.com/glob-parent/-/glob-parent-3.1.0.tgz#9e6af6299d8d3bd2bd40430832bd113df906c5ae"
  dependencies:
    is-glob "^3.1.0"
    path-dirname "^1.0.0"

glob-stream@^6.1.0:
  version "6.1.0"
  resolved "https://registry.yarnpkg.com/glob-stream/-/glob-stream-6.1.0.tgz#7045c99413b3eb94888d83ab46d0b404cc7bdde4"
  dependencies:
    extend "^3.0.0"
    glob "^7.1.1"
    glob-parent "^3.1.0"
    is-negated-glob "^1.0.0"
    ordered-read-streams "^1.0.0"
    pumpify "^1.3.5"
    readable-stream "^2.1.5"
    remove-trailing-separator "^1.0.1"
    to-absolute-glob "^2.0.0"
    unique-stream "^2.0.2"

glob@^7.1.1, glob@^7.1.3:
  version "7.1.6"
  resolved "https://registry.yarnpkg.com/glob/-/glob-7.1.6.tgz#141f33b81a7c2492e125594307480c46679278a6"
  dependencies:
    fs.realpath "^1.0.0"
    inflight "^1.0.4"
    inherits "2"
    minimatch "^3.0.4"
    once "^1.3.0"
    path-is-absolute "^1.0.0"

global@~4.3.0:
  version "4.3.2"
  resolved "https://registry.yarnpkg.com/global/-/global-4.3.2.tgz#e76989268a6c74c38908b1305b10fc0e394e9d0f"
  dependencies:
    min-document "^2.19.0"
    process "~0.5.1"

has-unicode@^2.0.0:
  version "2.0.1"
  resolved "https://registry.yarnpkg.com/has-unicode/-/has-unicode-2.0.1.tgz#e0e6fe6a28cf51138855e086d1691e771de2a8b9"

iconv-lite@^0.4.4:
  version "0.4.24"
  resolved "https://registry.yarnpkg.com/iconv-lite/-/iconv-lite-0.4.24.tgz#2022b4b25fbddc21d2f524974a474aafe733908b"
  dependencies:
    safer-buffer ">= 2.1.2 < 3"

ieee754@^1.1.4:
  version "1.1.13"
  resolved "https://registry.yarnpkg.com/ieee754/-/ieee754-1.1.13.tgz#ec168558e95aa181fd87d37f55c32bbcb6708b84"

ignore-walk@^3.0.1:
  version "3.0.3"
  resolved "https://registry.yarnpkg.com/ignore-walk/-/ignore-walk-3.0.3.tgz#017e2447184bfeade7c238e4aefdd1e8f95b1e37"
  dependencies:
    minimatch "^3.0.4"

inflight@^1.0.4:
  version "1.0.6"
  resolved "https://registry.yarnpkg.com/inflight/-/inflight-1.0.6.tgz#49bd6331d7d02d0c09bc910a1075ba8165b56df9"
  dependencies:
    once "^1.3.0"
    wrappy "1"

inherits@2, inherits@^2.0.1, inherits@^2.0.3, inherits@~2.0.3:
  version "2.0.4"
  resolved "https://registry.yarnpkg.com/inherits/-/inherits-2.0.4.tgz#0fa2c64f932917c3433a0ded55363aae37416b7c"

ini@~1.3.0:
  version "1.3.5"
  resolved "https://registry.yarnpkg.com/ini/-/ini-1.3.5.tgz#eee25f56db1c9ec6085e0c22778083f596abf927"

is-absolute@^1.0.0:
  version "1.0.0"
  resolved "https://registry.yarnpkg.com/is-absolute/-/is-absolute-1.0.0.tgz#395e1ae84b11f26ad1795e73c17378e48a301576"
  dependencies:
    is-relative "^1.0.0"
    is-windows "^1.0.1"

is-arrayish@^0.3.1:
  version "0.3.2"
  resolved "https://registry.yarnpkg.com/is-arrayish/-/is-arrayish-0.3.2.tgz#4574a2ae56f7ab206896fb431eaeed066fdf8f03"

is-extglob@^2.1.0:
  version "2.1.1"
  resolved "https://registry.yarnpkg.com/is-extglob/-/is-extglob-2.1.1.tgz#a88c02535791f02ed37c76a1b9ea9773c833f8c2"

is-fullwidth-code-point@^1.0.0:
  version "1.0.0"
  resolved "https://registry.yarnpkg.com/is-fullwidth-code-point/-/is-fullwidth-code-point-1.0.0.tgz#ef9e31386f031a7f0d643af82fde50c457ef00cb"
  dependencies:
    number-is-nan "^1.0.0"

is-fullwidth-code-point@^2.0.0:
  version "2.0.0"
  resolved "https://registry.yarnpkg.com/is-fullwidth-code-point/-/is-fullwidth-code-point-2.0.0.tgz#a3b30a5c4f199183167aaab93beefae3ddfb654f"

is-function@^1.0.1:
  version "1.0.1"
  resolved "https://registry.yarnpkg.com/is-function/-/is-function-1.0.1.tgz#12cfb98b65b57dd3d193a3121f5f6e2f437602b5"

is-glob@^3.1.0:
  version "3.1.0"
  resolved "https://registry.yarnpkg.com/is-glob/-/is-glob-3.1.0.tgz#7ba5ae24217804ac70707b96922567486cc3e84a"
  dependencies:
    is-extglob "^2.1.0"

is-negated-glob@^1.0.0:
  version "1.0.0"
  resolved "https://registry.yarnpkg.com/is-negated-glob/-/is-negated-glob-1.0.0.tgz#6910bca5da8c95e784b5751b976cf5a10fee36d2"

is-relative@^1.0.0:
  version "1.0.0"
  resolved "https://registry.yarnpkg.com/is-relative/-/is-relative-1.0.0.tgz#a1bb6935ce8c5dba1e8b9754b9b2dcc020e2260d"
  dependencies:
    is-unc-path "^1.0.0"

is-unc-path@^1.0.0:
  version "1.0.0"
  resolved "https://registry.yarnpkg.com/is-unc-path/-/is-unc-path-1.0.0.tgz#d731e8898ed090a12c352ad2eaed5095ad322c9d"
  dependencies:
    unc-path-regex "^0.1.2"

is-windows@^1.0.1:
  version "1.0.2"
  resolved "https://registry.yarnpkg.com/is-windows/-/is-windows-1.0.2.tgz#d1850eb9791ecd18e6182ce12a30f396634bb19d"

isarray@~1.0.0:
  version "1.0.0"
  resolved "https://registry.yarnpkg.com/isarray/-/isarray-1.0.0.tgz#bb935d48582cba168c06834957a54a3e07124f11"

isexe@^2.0.0:
  version "2.0.0"
  resolved "https://registry.yarnpkg.com/isexe/-/isexe-2.0.0.tgz#e8fbf374dc556ff8947a10dcb0572d633f2cfa10"

jimp@^0.9.3:
  version "0.9.3"
  resolved "https://registry.yarnpkg.com/jimp/-/jimp-0.9.3.tgz#85e8e80eea65a7e6de806c6bb622ec6a7244e6f3"
  dependencies:
    "@babel/runtime" "^7.7.2"
    "@jimp/custom" "^0.9.3"
    "@jimp/plugins" "^0.9.3"
    "@jimp/types" "^0.9.3"
    core-js "^3.4.1"
    regenerator-runtime "^0.13.3"

jpeg-js@^0.3.4:
  version "0.3.6"
  resolved "https://registry.yarnpkg.com/jpeg-js/-/jpeg-js-0.3.6.tgz#c40382aac9506e7d1f2d856eb02f6c7b2a98b37c"

json-stable-stringify-without-jsonify@^1.0.1:
  version "1.0.1"
  resolved "https://registry.yarnpkg.com/json-stable-stringify-without-jsonify/-/json-stable-stringify-without-jsonify-1.0.1.tgz#9db7b59496ad3f3cfef30a75142d2d930ad72651"

load-bmfont@^1.3.1, load-bmfont@^1.4.0:
  version "1.4.0"
  resolved "https://registry.yarnpkg.com/load-bmfont/-/load-bmfont-1.4.0.tgz#75f17070b14a8c785fe7f5bee2e6fd4f98093b6b"
  dependencies:
    buffer-equal "0.0.1"
    mime "^1.3.4"
    parse-bmfont-ascii "^1.0.3"
    parse-bmfont-binary "^1.0.5"
    parse-bmfont-xml "^1.1.4"
    phin "^2.9.1"
    xhr "^2.0.1"
    xtend "^4.0.0"

mime@^1.3.4:
  version "1.6.0"
  resolved "https://registry.yarnpkg.com/mime/-/mime-1.6.0.tgz#32cd9e5c64553bd58d19a568af452acff04981b1"

mimic-response@^2.0.0:
  version "2.0.0"
  resolved "https://registry.yarnpkg.com/mimic-response/-/mimic-response-2.0.0.tgz#996a51c60adf12cb8a87d7fb8ef24c2f3d5ebb46"

min-document@^2.19.0:
  version "2.19.0"
  resolved "https://registry.yarnpkg.com/min-document/-/min-document-2.19.0.tgz#7bd282e3f5842ed295bb748cdd9f1ffa2c824685"
  dependencies:
    dom-walk "^0.1.0"

minimatch@^3.0.4:
  version "3.0.4"
  resolved "https://registry.yarnpkg.com/minimatch/-/minimatch-3.0.4.tgz#5166e286457f03306064be5497e8dbb0c3d32083"
  dependencies:
    brace-expansion "^1.1.7"

minimist@0.0.8:
  version "0.0.8"
  resolved "https://registry.yarnpkg.com/minimist/-/minimist-0.0.8.tgz#857fcabfc3397d2625b8228262e86aa7a011b05d"

minimist@^1.2.0:
  version "1.2.0"
  resolved "https://registry.yarnpkg.com/minimist/-/minimist-1.2.0.tgz#a35008b20f41383eec1fb914f4cd5df79a264284"

minimist@^1.2.5:
  version "1.2.5"
  resolved "https://registry.yarnpkg.com/minimist/-/minimist-1.2.5.tgz#67d66014b66a6a8aaa0c083c5fd58df4e4e97602"

minipass@^2.6.0, minipass@^2.8.6, minipass@^2.9.0:
  version "2.9.0"
  resolved "https://registry.yarnpkg.com/minipass/-/minipass-2.9.0.tgz#e713762e7d3e32fed803115cf93e04bca9fcc9a6"
  dependencies:
    safe-buffer "^5.1.2"
    yallist "^3.0.0"

minipass@^3.0.0:
  version "3.1.1"
  resolved "https://registry.yarnpkg.com/minipass/-/minipass-3.1.1.tgz#7607ce778472a185ad6d89082aa2070f79cedcd5"
  dependencies:
    yallist "^4.0.0"

minizlib@^1.2.1:
  version "1.3.3"
  resolved "https://registry.yarnpkg.com/minizlib/-/minizlib-1.3.3.tgz#2290de96818a34c29551c8a8d301216bd65a861d"
  dependencies:
    minipass "^2.9.0"

minizlib@^2.1.0:
  version "2.1.0"
  resolved "https://registry.yarnpkg.com/minizlib/-/minizlib-2.1.0.tgz#fd52c645301ef09a63a2c209697c294c6ce02cf3"
  dependencies:
    minipass "^3.0.0"
    yallist "^4.0.0"

mkdirp@0.5.1:
  version "0.5.1"
  resolved "https://registry.yarnpkg.com/mkdirp/-/mkdirp-0.5.1.tgz#30057438eac6cf7f8c4767f38648d6697d75c903"
  dependencies:
    minimist "0.0.8"

mkdirp@^0.5.0, mkdirp@^0.5.1:
  version "0.5.5"
  resolved "https://registry.yarnpkg.com/mkdirp/-/mkdirp-0.5.5.tgz#d91cefd62d1436ca0f41620e251288d420099def"
  dependencies:
    minimist "^1.2.5"

ms@^2.1.1:
  version "2.1.2"
  resolved "https://registry.yarnpkg.com/ms/-/ms-2.1.2.tgz#d09d1f357b443f493382a8eb3ccd183872ae6009"

nan@^2.14.0:
  version "2.14.0"
  resolved "https://registry.yarnpkg.com/nan/-/nan-2.14.0.tgz#7818f722027b2459a86f0295d434d1fc2336c52c"

napi-build-utils@^1.0.1:
  version "1.0.1"
  resolved "https://registry.yarnpkg.com/napi-build-utils/-/napi-build-utils-1.0.1.tgz#1381a0f92c39d66bf19852e7873432fc2123e508"

needle@^2.2.1:
  version "2.4.0"
  resolved "https://registry.yarnpkg.com/needle/-/needle-2.4.0.tgz#6833e74975c444642590e15a750288c5f939b57c"
  dependencies:
    debug "^3.2.6"
    iconv-lite "^0.4.4"
    sax "^1.2.4"

node-abi@^2.7.0:
  version "2.13.0"
  resolved "https://registry.yarnpkg.com/node-abi/-/node-abi-2.13.0.tgz#e2f2ec444d0aca3ea1b3874b6de41d1665828f63"
  dependencies:
    semver "^5.4.1"

node-pre-gyp@^0.11.0:
  version "0.11.0"
  resolved "https://registry.yarnpkg.com/node-pre-gyp/-/node-pre-gyp-0.11.0.tgz#db1f33215272f692cd38f03238e3e9b47c5dd054"
  dependencies:
    detect-libc "^1.0.2"
    mkdirp "^0.5.1"
    needle "^2.2.1"
    nopt "^4.0.1"
    npm-packlist "^1.1.6"
    npmlog "^4.0.2"
    rc "^1.2.7"
    rimraf "^2.6.1"
    semver "^5.3.0"
    tar "^4"

noop-logger@^0.1.1:
  version "0.1.1"
  resolved "https://registry.yarnpkg.com/noop-logger/-/noop-logger-0.1.1.tgz#94a2b1633c4f1317553007d8966fd0e841b6a4c2"

nopt@^4.0.1:
  version "4.0.1"
  resolved "https://registry.yarnpkg.com/nopt/-/nopt-4.0.1.tgz#d0d4685afd5415193c8c7505602d0d17cd64474d"
  dependencies:
    abbrev "1"
    osenv "^0.1.4"

npm-bundled@^1.0.1:
  version "1.1.1"
  resolved "https://registry.yarnpkg.com/npm-bundled/-/npm-bundled-1.1.1.tgz#1edd570865a94cdb1bc8220775e29466c9fb234b"
  dependencies:
    npm-normalize-package-bin "^1.0.1"

npm-normalize-package-bin@^1.0.1:
  version "1.0.1"
  resolved "https://registry.yarnpkg.com/npm-normalize-package-bin/-/npm-normalize-package-bin-1.0.1.tgz#6e79a41f23fd235c0623218228da7d9c23b8f6e2"

npm-packlist@^1.1.6:
  version "1.4.7"
  resolved "https://registry.yarnpkg.com/npm-packlist/-/npm-packlist-1.4.7.tgz#9e954365a06b80b18111ea900945af4f88ed4848"
  dependencies:
    ignore-walk "^3.0.1"
    npm-bundled "^1.0.1"

npmlog@^4.0.1, npmlog@^4.0.2, npmlog@^4.1.2:
  version "4.1.2"
  resolved "https://registry.yarnpkg.com/npmlog/-/npmlog-4.1.2.tgz#08a7f2a8bf734604779a9efa4ad5cc717abb954b"
  dependencies:
    are-we-there-yet "~1.1.2"
    console-control-strings "~1.1.0"
    gauge "~2.7.3"
    set-blocking "~2.0.0"

number-is-nan@^1.0.0:
  version "1.0.1"
  resolved "https://registry.yarnpkg.com/number-is-nan/-/number-is-nan-1.0.1.tgz#097b602b53422a522c1afb8790318336941a011d"

object-assign@^4.1.0:
  version "4.1.1"
  resolved "https://registry.yarnpkg.com/object-assign/-/object-assign-4.1.1.tgz#2109adc7965887cfc05cbbd442cac8bfbb360863"

omggif@^1.0.9:
  version "1.0.10"
  resolved "https://registry.yarnpkg.com/omggif/-/omggif-1.0.10.tgz#ddaaf90d4a42f532e9e7cb3a95ecdd47f17c7b19"

once@^1.3.0, once@^1.3.1, once@^1.4.0:
  version "1.4.0"
  resolved "https://registry.yarnpkg.com/once/-/once-1.4.0.tgz#583b1aa775961d4b113ac17d9c50baef9dd76bd1"
  dependencies:
    wrappy "1"

ordered-read-streams@^1.0.0:
  version "1.0.1"
  resolved "https://registry.yarnpkg.com/ordered-read-streams/-/ordered-read-streams-1.0.1.tgz#77c0cb37c41525d64166d990ffad7ec6a0e1363e"
  dependencies:
    readable-stream "^2.0.1"

os-homedir@^1.0.0:
  version "1.0.2"
  resolved "https://registry.yarnpkg.com/os-homedir/-/os-homedir-1.0.2.tgz#ffbc4988336e0e833de0c168c7ef152121aa7fb3"

os-tmpdir@^1.0.0:
  version "1.0.2"
  resolved "https://registry.yarnpkg.com/os-tmpdir/-/os-tmpdir-1.0.2.tgz#bbe67406c79aa85c5cfec766fe5734555dfa1274"

osenv@^0.1.4:
  version "0.1.5"
  resolved "https://registry.yarnpkg.com/osenv/-/osenv-0.1.5.tgz#85cdfafaeb28e8677f416e287592b5f3f49ea410"
  dependencies:
    os-homedir "^1.0.0"
    os-tmpdir "^1.0.0"

pako@^1.0.5:
  version "1.0.10"
  resolved "https://registry.yarnpkg.com/pako/-/pako-1.0.10.tgz#4328badb5086a426aa90f541977d4955da5c9732"

parse-bmfont-ascii@^1.0.3:
  version "1.0.6"
  resolved "https://registry.yarnpkg.com/parse-bmfont-ascii/-/parse-bmfont-ascii-1.0.6.tgz#11ac3c3ff58f7c2020ab22769079108d4dfa0285"

parse-bmfont-binary@^1.0.5:
  version "1.0.6"
  resolved "https://registry.yarnpkg.com/parse-bmfont-binary/-/parse-bmfont-binary-1.0.6.tgz#d038b476d3e9dd9db1e11a0b0e53a22792b69006"

parse-bmfont-xml@^1.1.4:
  version "1.1.4"
  resolved "https://registry.yarnpkg.com/parse-bmfont-xml/-/parse-bmfont-xml-1.1.4.tgz#015319797e3e12f9e739c4d513872cd2fa35f389"
  dependencies:
    xml-parse-from-string "^1.0.0"
    xml2js "^0.4.5"

parse-headers@^2.0.0:
  version "2.0.3"
  resolved "https://registry.yarnpkg.com/parse-headers/-/parse-headers-2.0.3.tgz#5e8e7512383d140ba02f0c7aa9f49b4399c92515"

path-dirname@^1.0.0:
  version "1.0.2"
  resolved "https://registry.yarnpkg.com/path-dirname/-/path-dirname-1.0.2.tgz#cc33d24d525e099a5388c0336c6e32b9160609e0"

path-is-absolute@^1.0.0:
  version "1.0.1"
  resolved "https://registry.yarnpkg.com/path-is-absolute/-/path-is-absolute-1.0.1.tgz#174b9268735534ffbc7ace6bf53a5a9e1b5c5f5f"

phin@^2.9.1:
  version "2.9.3"
  resolved "https://registry.yarnpkg.com/phin/-/phin-2.9.3.tgz#f9b6ac10a035636fb65dfc576aaaa17b8743125c"

pixelmatch@^4.0.2:
  version "4.0.2"
  resolved "https://registry.yarnpkg.com/pixelmatch/-/pixelmatch-4.0.2.tgz#8f47dcec5011b477b67db03c243bc1f3085e8854"
  dependencies:
    pngjs "^3.0.0"

png-file-stream@^1.2.1:
  version "1.2.1"
  resolved "https://registry.yarnpkg.com/png-file-stream/-/png-file-stream-1.2.1.tgz#e085c0dfa9dd0d7b7dc5cd8183e596b512534868"
  dependencies:
    glob-stream "^6.1.0"
    png-js "~0.1.1"
    through2 "^3.0.0"

png-js@~0.1.1:
  version "0.1.1"
  resolved "https://registry.yarnpkg.com/png-js/-/png-js-0.1.1.tgz#1cc7c212303acabe74263ec3ac78009580242d93"

pngjs@^3.0.0, pngjs@^3.3.3:
  version "3.4.0"
  resolved "https://registry.yarnpkg.com/pngjs/-/pngjs-3.4.0.tgz#99ca7d725965fb655814eaf65f38f12bbdbf555f"

prebuild-install@^5.3.3:
  version "5.3.3"
  resolved "https://registry.yarnpkg.com/prebuild-install/-/prebuild-install-5.3.3.tgz#ef4052baac60d465f5ba6bf003c9c1de79b9da8e"
  dependencies:
    detect-libc "^1.0.3"
    expand-template "^2.0.3"
    github-from-package "0.0.0"
    minimist "^1.2.0"
    mkdirp "^0.5.1"
    napi-build-utils "^1.0.1"
    node-abi "^2.7.0"
    noop-logger "^0.1.1"
    npmlog "^4.0.1"
    pump "^3.0.0"
    rc "^1.2.7"
    simple-get "^3.0.3"
    tar-fs "^2.0.0"
    tunnel-agent "^0.6.0"
    which-pm-runs "^1.0.0"

process-nextick-args@~2.0.0:
  version "2.0.1"
  resolved "https://registry.yarnpkg.com/process-nextick-args/-/process-nextick-args-2.0.1.tgz#7820d9b16120cc55ca9ae7792680ae7dba6d7fe2"

process@~0.5.1:
  version "0.5.2"
  resolved "https://registry.yarnpkg.com/process/-/process-0.5.2.tgz#1638d8a8e34c2f440a91db95ab9aeb677fc185cf"

pump@^2.0.0:
  version "2.0.1"
  resolved "https://registry.yarnpkg.com/pump/-/pump-2.0.1.tgz#12399add6e4cf7526d973cbc8b5ce2e2908b3909"
  dependencies:
    end-of-stream "^1.1.0"
    once "^1.3.1"

pump@^3.0.0:
  version "3.0.0"
  resolved "https://registry.yarnpkg.com/pump/-/pump-3.0.0.tgz#b4a2116815bde2f4e1ea602354e8c75565107a64"
  dependencies:
    end-of-stream "^1.1.0"
    once "^1.3.1"

pumpify@^1.3.5:
  version "1.5.1"
  resolved "https://registry.yarnpkg.com/pumpify/-/pumpify-1.5.1.tgz#36513be246ab27570b1a374a5ce278bfd74370ce"
  dependencies:
    duplexify "^3.6.0"
    inherits "^2.0.3"
    pump "^2.0.0"

rc@^1.2.7:
  version "1.2.8"
  resolved "https://registry.yarnpkg.com/rc/-/rc-1.2.8.tgz#cd924bf5200a075b83c188cd6b9e211b7fc0d3ed"
  dependencies:
    deep-extend "^0.6.0"
    ini "~1.3.0"
    minimist "^1.2.0"
    strip-json-comments "~2.0.1"

"readable-stream@2 || 3", readable-stream@^3.0.1, readable-stream@^3.1.1:
  version "3.4.0"
  resolved "https://registry.yarnpkg.com/readable-stream/-/readable-stream-3.4.0.tgz#a51c26754658e0a3c21dbf59163bd45ba6f447fc"
  dependencies:
    inherits "^2.0.3"
    string_decoder "^1.1.1"
    util-deprecate "^1.0.1"

readable-stream@^2.0.0, readable-stream@^2.0.1, readable-stream@^2.0.6, readable-stream@^2.1.5, readable-stream@~2.3.6:
  version "2.3.6"
  resolved "https://registry.yarnpkg.com/readable-stream/-/readable-stream-2.3.6.tgz#b11c27d88b8ff1fbe070643cf94b0c79ae1b0aaf"
  dependencies:
    core-util-is "~1.0.0"
    inherits "~2.0.3"
    isarray "~1.0.0"
    process-nextick-args "~2.0.0"
    safe-buffer "~5.1.1"
    string_decoder "~1.1.1"
    util-deprecate "~1.0.1"

regenerator-runtime@^0.13.2, regenerator-runtime@^0.13.3:
  version "0.13.3"
  resolved "https://registry.yarnpkg.com/regenerator-runtime/-/regenerator-runtime-0.13.3.tgz#7cf6a77d8f5c6f60eb73c5fc1955b2ceb01e6bf5"

remove-trailing-separator@^1.0.1:
  version "1.1.0"
  resolved "https://registry.yarnpkg.com/remove-trailing-separator/-/remove-trailing-separator-1.1.0.tgz#c24bce2a283adad5bc3f58e0d48249b92379d8ef"

rimraf@^2.6.1:
  version "2.7.1"
  resolved "https://registry.yarnpkg.com/rimraf/-/rimraf-2.7.1.tgz#35797f13a7fdadc566142c29d4f07ccad483e3ec"
  dependencies:
    glob "^7.1.3"

safe-buffer@^5.0.1, safe-buffer@^5.1.2, safe-buffer@~5.2.0:
  version "5.2.1"
  resolved "https://registry.yarnpkg.com/safe-buffer/-/safe-buffer-5.2.1.tgz#1eaf9fa9bdb1fdd4ec75f58f9cdb4e6b7827eec6"

safe-buffer@~5.1.0, safe-buffer@~5.1.1:
  version "5.1.2"
  resolved "https://registry.yarnpkg.com/safe-buffer/-/safe-buffer-5.1.2.tgz#991ec69d296e0313747d59bdfd2b745c35f8828d"

"safer-buffer@>= 2.1.2 < 3":
  version "2.1.2"
  resolved "https://registry.yarnpkg.com/safer-buffer/-/safer-buffer-2.1.2.tgz#44fa161b0187b9549dd84bb91802f9bd8385cd6a"

sax@>=0.6.0, sax@^1.2.4:
  version "1.2.4"
  resolved "https://registry.yarnpkg.com/sax/-/sax-1.2.4.tgz#2816234e2378bddc4e5354fab5caa895df7100d9"

semver@^5.3.0, semver@^5.4.1:
  version "5.7.1"
  resolved "https://registry.yarnpkg.com/semver/-/semver-5.7.1.tgz#a954f931aeba508d307bbf069eff0c01c96116f7"

semver@^6.3.0:
  version "6.3.0"
  resolved "https://registry.yarnpkg.com/semver/-/semver-6.3.0.tgz#ee0a64c8af5e8ceea67687b133761e1becbd1d3d"

set-blocking@~2.0.0:
  version "2.0.0"
  resolved "https://registry.yarnpkg.com/set-blocking/-/set-blocking-2.0.0.tgz#045f9782d011ae9a6803ddd382b24392b3d890f7"

sharp@^0.23.4:
  version "0.23.4"
  resolved "https://registry.yarnpkg.com/sharp/-/sharp-0.23.4.tgz#ca36067cb6ff7067fa6c77b01651cb9a890f8eb3"
  dependencies:
    color "^3.1.2"
    detect-libc "^1.0.3"
    nan "^2.14.0"
    npmlog "^4.1.2"
    prebuild-install "^5.3.3"
    semver "^6.3.0"
    simple-get "^3.1.0"
    tar "^5.0.5"
    tunnel-agent "^0.6.0"

signal-exit@^3.0.0:
  version "3.0.2"
  resolved "https://registry.yarnpkg.com/signal-exit/-/signal-exit-3.0.2.tgz#b5fdc08f1287ea1178628e415e25132b73646c6d"

simple-concat@^1.0.0:
  version "1.0.0"
  resolved "https://registry.yarnpkg.com/simple-concat/-/simple-concat-1.0.0.tgz#7344cbb8b6e26fb27d66b2fc86f9f6d5997521c6"

simple-get@^3.0.3, simple-get@^3.1.0:
  version "3.1.0"
  resolved "https://registry.yarnpkg.com/simple-get/-/simple-get-3.1.0.tgz#b45be062435e50d159540b576202ceec40b9c6b3"
  dependencies:
    decompress-response "^4.2.0"
    once "^1.3.1"
    simple-concat "^1.0.0"

simple-swizzle@^0.2.2:
  version "0.2.2"
  resolved "https://registry.yarnpkg.com/simple-swizzle/-/simple-swizzle-0.2.2.tgz#a4da6b635ffcccca33f70d17cb92592de95e557a"
  dependencies:
    is-arrayish "^0.3.1"

stream-shift@^1.0.0:
  version "1.0.1"
  resolved "https://registry.yarnpkg.com/stream-shift/-/stream-shift-1.0.1.tgz#d7088281559ab2778424279b0877da3c392d5a3d"

string-width@^1.0.1:
  version "1.0.2"
  resolved "https://registry.yarnpkg.com/string-width/-/string-width-1.0.2.tgz#118bdf5b8cdc51a2a7e70d211e07e2b0b9b107d3"
  dependencies:
    code-point-at "^1.0.0"
    is-fullwidth-code-point "^1.0.0"
    strip-ansi "^3.0.0"

"string-width@^1.0.2 || 2":
  version "2.1.1"
  resolved "https://registry.yarnpkg.com/string-width/-/string-width-2.1.1.tgz#ab93f27a8dc13d28cac815c462143a6d9012ae9e"
  dependencies:
    is-fullwidth-code-point "^2.0.0"
    strip-ansi "^4.0.0"

string_decoder@^1.1.1:
  version "1.3.0"
  resolved "https://registry.yarnpkg.com/string_decoder/-/string_decoder-1.3.0.tgz#42f114594a46cf1a8e30b0a84f56c78c3edac21e"
  dependencies:
    safe-buffer "~5.2.0"

string_decoder@~1.1.1:
  version "1.1.1"
  resolved "https://registry.yarnpkg.com/string_decoder/-/string_decoder-1.1.1.tgz#9cf1611ba62685d7030ae9e4ba34149c3af03fc8"
  dependencies:
    safe-buffer "~5.1.0"

strip-ansi@^3.0.0, strip-ansi@^3.0.1:
  version "3.0.1"
  resolved "https://registry.yarnpkg.com/strip-ansi/-/strip-ansi-3.0.1.tgz#6a385fb8853d952d5ff05d0e8aaf94278dc63dcf"
  dependencies:
    ansi-regex "^2.0.0"

strip-ansi@^4.0.0:
  version "4.0.0"
  resolved "https://registry.yarnpkg.com/strip-ansi/-/strip-ansi-4.0.0.tgz#a8479022eb1ac368a871389b635262c505ee368f"
  dependencies:
    ansi-regex "^3.0.0"

strip-json-comments@~2.0.1:
  version "2.0.1"
  resolved "https://registry.yarnpkg.com/strip-json-comments/-/strip-json-comments-2.0.1.tgz#3c531942e908c2697c0ec344858c286c7ca0a60a"

tar-fs@^2.0.0:
  version "2.0.0"
  resolved "https://registry.yarnpkg.com/tar-fs/-/tar-fs-2.0.0.tgz#677700fc0c8b337a78bee3623fdc235f21d7afad"
  dependencies:
    chownr "^1.1.1"
    mkdirp "^0.5.1"
    pump "^3.0.0"
    tar-stream "^2.0.0"

tar-stream@^2.0.0:
  version "2.1.0"
  resolved "https://registry.yarnpkg.com/tar-stream/-/tar-stream-2.1.0.tgz#d1aaa3661f05b38b5acc9b7020efdca5179a2cc3"
  dependencies:
    bl "^3.0.0"
    end-of-stream "^1.4.1"
    fs-constants "^1.0.0"
    inherits "^2.0.3"
    readable-stream "^3.1.1"

tar@^4:
  version "4.4.15"
  resolved "https://registry.yarnpkg.com/tar/-/tar-4.4.15.tgz#3caced4f39ebd46ddda4d6203d48493a919697f8"
  dependencies:
    chownr "^1.1.1"
    fs-minipass "^1.2.5"
    minipass "^2.8.6"
    minizlib "^1.2.1"
    mkdirp "^0.5.0"
    safe-buffer "^5.1.2"
    yallist "^3.0.3"

tar@^5.0.5:
  version "5.0.5"
  resolved "https://registry.yarnpkg.com/tar/-/tar-5.0.5.tgz#03fcdb7105bc8ea3ce6c86642b9c942495b04f93"
  dependencies:
    chownr "^1.1.3"
    fs-minipass "^2.0.0"
    minipass "^3.0.0"
    minizlib "^2.1.0"
    mkdirp "^0.5.0"
    yallist "^4.0.0"

through2-filter@^3.0.0:
  version "3.0.0"
  resolved "https://registry.yarnpkg.com/through2-filter/-/through2-filter-3.0.0.tgz#700e786df2367c2c88cd8aa5be4cf9c1e7831254"
  dependencies:
    through2 "~2.0.0"
    xtend "~4.0.0"

through2@^3.0.0:
  version "3.0.1"
  resolved "https://registry.yarnpkg.com/through2/-/through2-3.0.1.tgz#39276e713c3302edf9e388dd9c812dd3b825bd5a"
  dependencies:
    readable-stream "2 || 3"

through2@~2.0.0:
  version "2.0.5"
  resolved "https://registry.yarnpkg.com/through2/-/through2-2.0.5.tgz#01c1e39eb31d07cb7d03a96a70823260b23132cd"
  dependencies:
    readable-stream "~2.3.6"
    xtend "~4.0.1"

timm@^1.6.1:
  version "1.6.2"
  resolved "https://registry.yarnpkg.com/timm/-/timm-1.6.2.tgz#dfd8c6719f7ba1fcfc6295a32670a1c6d166c0bd"

tinycolor2@^1.4.1:
  version "1.4.1"
  resolved "https://registry.yarnpkg.com/tinycolor2/-/tinycolor2-1.4.1.tgz#f4fad333447bc0b07d4dc8e9209d8f39a8ac77e8"

to-absolute-glob@^2.0.0:
  version "2.0.2"
  resolved "https://registry.yarnpkg.com/to-absolute-glob/-/to-absolute-glob-2.0.2.tgz#1865f43d9e74b0822db9f145b78cff7d0f7c849b"
  dependencies:
    is-absolute "^1.0.0"
    is-negated-glob "^1.0.0"

tunnel-agent@^0.6.0:
  version "0.6.0"
  resolved "https://registry.yarnpkg.com/tunnel-agent/-/tunnel-agent-0.6.0.tgz#27a5dea06b36b04a0a9966774b290868f0fc40fd"
  dependencies:
    safe-buffer "^5.0.1"

unc-path-regex@^0.1.2:
  version "0.1.2"
  resolved "https://registry.yarnpkg.com/unc-path-regex/-/unc-path-regex-0.1.2.tgz#e73dd3d7b0d7c5ed86fbac6b0ae7d8c6a69d50fa"

unique-stream@^2.0.2:
  version "2.3.1"
  resolved "https://registry.yarnpkg.com/unique-stream/-/unique-stream-2.3.1.tgz#c65d110e9a4adf9a6c5948b28053d9a8d04cbeac"
  dependencies:
    json-stable-stringify-without-jsonify "^1.0.1"
    through2-filter "^3.0.0"

utif@^2.0.1:
  version "2.0.1"
  resolved "https://registry.yarnpkg.com/utif/-/utif-2.0.1.tgz#9e1582d9bbd20011a6588548ed3266298e711759"
  dependencies:
    pako "^1.0.5"

util-deprecate@^1.0.1, util-deprecate@~1.0.1:
  version "1.0.2"
  resolved "https://registry.yarnpkg.com/util-deprecate/-/util-deprecate-1.0.2.tgz#450d4dc9fa70de732762fbd2d4a28981419a0ccf"

which-pm-runs@^1.0.0:
  version "1.0.0"
  resolved "https://registry.yarnpkg.com/which-pm-runs/-/which-pm-runs-1.0.0.tgz#670b3afbc552e0b55df6b7780ca74615f23ad1cb"

which@^1.1.1:
  version "1.3.1"
  resolved "https://registry.yarnpkg.com/which/-/which-1.3.1.tgz#a45043d54f5805316da8d62f9f50918d3da70b0a"
  dependencies:
    isexe "^2.0.0"

wide-align@^1.1.0:
  version "1.1.3"
  resolved "https://registry.yarnpkg.com/wide-align/-/wide-align-1.1.3.tgz#ae074e6bdc0c14a431e804e624549c633b000457"
  dependencies:
    string-width "^1.0.2 || 2"

wrappy@1:
  version "1.0.2"
  resolved "https://registry.yarnpkg.com/wrappy/-/wrappy-1.0.2.tgz#b5243d8f3ec1aa35f1364605bc0d1036e30ab69f"

xhr@^2.0.1:
  version "2.5.0"
  resolved "https://registry.yarnpkg.com/xhr/-/xhr-2.5.0.tgz#bed8d1676d5ca36108667692b74b316c496e49dd"
  dependencies:
    global "~4.3.0"
    is-function "^1.0.1"
    parse-headers "^2.0.0"
    xtend "^4.0.0"

xml-parse-from-string@^1.0.0:
  version "1.0.1"
  resolved "https://registry.yarnpkg.com/xml-parse-from-string/-/xml-parse-from-string-1.0.1.tgz#a9029e929d3dbcded169f3c6e28238d95a5d5a28"

xml2js@^0.4.5:
  version "0.4.23"
  resolved "https://registry.yarnpkg.com/xml2js/-/xml2js-0.4.23.tgz#a0c69516752421eb2ac758ee4d4ccf58843eac66"
  dependencies:
    sax ">=0.6.0"
    xmlbuilder "~11.0.0"

xmlbuilder@~11.0.0:
  version "11.0.1"
  resolved "https://registry.yarnpkg.com/xmlbuilder/-/xmlbuilder-11.0.1.tgz#be9bae1c8a046e76b31127726347d0ad7002beb3"

xtend@^4.0.0, xtend@~4.0.0, xtend@~4.0.1:
  version "4.0.2"
  resolved "https://registry.yarnpkg.com/xtend/-/xtend-4.0.2.tgz#bb72779f5fa465186b1f438f674fa347fdb5db54"

yallist@^3.0.0, yallist@^3.0.3:
  version "3.1.1"
  resolved "https://registry.yarnpkg.com/yallist/-/yallist-3.1.1.tgz#dbb7daf9bfd8bac9ab45ebf602b8cbad0d5d08fd"

yallist@^4.0.0:
  version "4.0.0"
  resolved "https://registry.yarnpkg.com/yallist/-/yallist-4.0.0.tgz#9bb92790d9c0effec63be73519e11a35019a3a72"
